// !$*UTF8*$!
{
	archiveVersion = 1;
	classes = {
	};
	objectVersion = 50;
	objects = {

/* Begin PBXBuildFile section */
		55FB8527247149F4003EE5BD /* AppDelegate.swift in Sources */ = {isa = PBXBuildFile; fileRef = 55FB8526247149F4003EE5BD /* AppDelegate.swift */; };
		55FB8529247149F4003EE5BD /* SceneDelegate.swift in Sources */ = {isa = PBXBuildFile; fileRef = 55FB8528247149F4003EE5BD /* SceneDelegate.swift */; };
		55FB852B247149F4003EE5BD /* MoviesViewController.swift in Sources */ = {isa = PBXBuildFile; fileRef = 55FB852A247149F4003EE5BD /* MoviesViewController.swift */; };
		55FB852E247149F4003EE5BD /* Main.storyboard in Resources */ = {isa = PBXBuildFile; fileRef = 55FB852C247149F4003EE5BD /* Main.storyboard */; };
		55FB8530247149F6003EE5BD /* Assets.xcassets in Resources */ = {isa = PBXBuildFile; fileRef = 55FB852F247149F6003EE5BD /* Assets.xcassets */; };
		55FB8533247149F6003EE5BD /* LaunchScreen.storyboard in Resources */ = {isa = PBXBuildFile; fileRef = 55FB8531247149F6003EE5BD /* LaunchScreen.storyboard */; };
		55FB853E24714A90003EE5BD /* MoviesTableViewCell.swift in Sources */ = {isa = PBXBuildFile; fileRef = 55FB853D24714A90003EE5BD /* MoviesTableViewCell.swift */; };
		55FB854424714AF2003EE5BD /* MoviesPresenter.swift in Sources */ = {isa = PBXBuildFile; fileRef = 55FB854324714AF2003EE5BD /* MoviesPresenter.swift */; };
		55FB854624714AFC003EE5BD /* MoviesInteractor.swift in Sources */ = {isa = PBXBuildFile; fileRef = 55FB854524714AFC003EE5BD /* MoviesInteractor.swift */; };
		55FB854E24715693003EE5BD /* MoviesListResponse.swift in Sources */ = {isa = PBXBuildFile; fileRef = 55FB854D24715693003EE5BD /* MoviesListResponse.swift */; };
		55FB8551247156B3003EE5BD /* Client.swift in Sources */ = {isa = PBXBuildFile; fileRef = 55FB8550247156B3003EE5BD /* Client.swift */; };
		55FB8553247156D5003EE5BD /* Endpoints.swift in Sources */ = {isa = PBXBuildFile; fileRef = 55FB8552247156D5003EE5BD /* Endpoints.swift */; };
		55FB8555247158CF003EE5BD /* UIViewController+Extension.swift in Sources */ = {isa = PBXBuildFile; fileRef = 55FB8554247158CF003EE5BD /* UIViewController+Extension.swift */; };
		55FB855924717580003EE5BD /* AddMovieViewController.swift in Sources */ = {isa = PBXBuildFile; fileRef = 55FB855824717580003EE5BD /* AddMovieViewController.swift */; };
		55FB855B24717C35003EE5BD /* MovieResponse.swift in Sources */ = {isa = PBXBuildFile; fileRef = 55FB855A24717C35003EE5BD /* MovieResponse.swift */; };
		55FB855E2471A7A1003EE5BD /* AddMoviePresenter.swift in Sources */ = {isa = PBXBuildFile; fileRef = 55FB855D2471A7A1003EE5BD /* AddMoviePresenter.swift */; };
		55FB85602471A7AD003EE5BD /* AddMovieInteractor.swift in Sources */ = {isa = PBXBuildFile; fileRef = 55FB855F2471A7AD003EE5BD /* AddMovieInteractor.swift */; };
		55FB85652471B435003EE5BD /* MovieModel.swift in Sources */ = {isa = PBXBuildFile; fileRef = 55FB85642471B435003EE5BD /* MovieModel.swift */; };
		55FB85672471C60D003EE5BD /* Movie.swift in Sources */ = {isa = PBXBuildFile; fileRef = 55FB85662471C60D003EE5BD /* Movie.swift */; };
		55FB85692471D807003EE5BD /* TextFieldDelegate.swift in Sources */ = {isa = PBXBuildFile; fileRef = 55FB85682471D807003EE5BD /* TextFieldDelegate.swift */; };
		55FB856C2471E5D3003EE5BD /* HeaderLabel.swift in Sources */ = {isa = PBXBuildFile; fileRef = 55FB856B2471E5D3003EE5BD /* HeaderLabel.swift */; };
		55FB856F2471F0E2003EE5BD /* Constants.swift in Sources */ = {isa = PBXBuildFile; fileRef = 55FB856E2471F0E2003EE5BD /* Constants.swift */; };
/* End PBXBuildFile section */

/* Begin PBXFileReference section */
		55FB8523247149F4003EE5BD /* InstabugTask.app */ = {isa = PBXFileReference; explicitFileType = wrapper.application; includeInIndex = 0; path = InstabugTask.app; sourceTree = BUILT_PRODUCTS_DIR; };
		55FB8526247149F4003EE5BD /* AppDelegate.swift */ = {isa = PBXFileReference; lastKnownFileType = sourcecode.swift; path = AppDelegate.swift; sourceTree = "<group>"; };
		55FB8528247149F4003EE5BD /* SceneDelegate.swift */ = {isa = PBXFileReference; lastKnownFileType = sourcecode.swift; path = SceneDelegate.swift; sourceTree = "<group>"; };
		55FB852A247149F4003EE5BD /* MoviesViewController.swift */ = {isa = PBXFileReference; lastKnownFileType = sourcecode.swift; path = MoviesViewController.swift; sourceTree = "<group>"; };
		55FB852D247149F4003EE5BD /* Base */ = {isa = PBXFileReference; lastKnownFileType = file.storyboard; name = Base; path = Base.lproj/Main.storyboard; sourceTree = "<group>"; };
		55FB852F247149F6003EE5BD /* Assets.xcassets */ = {isa = PBXFileReference; lastKnownFileType = folder.assetcatalog; path = Assets.xcassets; sourceTree = "<group>"; };
		55FB8532247149F6003EE5BD /* Base */ = {isa = PBXFileReference; lastKnownFileType = file.storyboard; name = Base; path = Base.lproj/LaunchScreen.storyboard; sourceTree = "<group>"; };
		55FB8534247149F6003EE5BD /* Info.plist */ = {isa = PBXFileReference; lastKnownFileType = text.plist.xml; path = Info.plist; sourceTree = "<group>"; };
		55FB853D24714A90003EE5BD /* MoviesTableViewCell.swift */ = {isa = PBXFileReference; lastKnownFileType = sourcecode.swift; path = MoviesTableViewCell.swift; sourceTree = "<group>"; };
		55FB854324714AF2003EE5BD /* MoviesPresenter.swift */ = {isa = PBXFileReference; lastKnownFileType = sourcecode.swift; path = MoviesPresenter.swift; sourceTree = "<group>"; };
		55FB854524714AFC003EE5BD /* MoviesInteractor.swift */ = {isa = PBXFileReference; lastKnownFileType = sourcecode.swift; path = MoviesInteractor.swift; sourceTree = "<group>"; };
		55FB854D24715693003EE5BD /* MoviesListResponse.swift */ = {isa = PBXFileReference; lastKnownFileType = sourcecode.swift; path = MoviesListResponse.swift; sourceTree = "<group>"; };
		55FB8550247156B3003EE5BD /* Client.swift */ = {isa = PBXFileReference; lastKnownFileType = sourcecode.swift; path = Client.swift; sourceTree = "<group>"; };
		55FB8552247156D5003EE5BD /* Endpoints.swift */ = {isa = PBXFileReference; lastKnownFileType = sourcecode.swift; path = Endpoints.swift; sourceTree = "<group>"; };
		55FB8554247158CF003EE5BD /* UIViewController+Extension.swift */ = {isa = PBXFileReference; lastKnownFileType = sourcecode.swift; path = "UIViewController+Extension.swift"; sourceTree = "<group>"; };
		55FB855824717580003EE5BD /* AddMovieViewController.swift */ = {isa = PBXFileReference; lastKnownFileType = sourcecode.swift; path = AddMovieViewController.swift; sourceTree = "<group>"; };
		55FB855A24717C35003EE5BD /* MovieResponse.swift */ = {isa = PBXFileReference; lastKnownFileType = sourcecode.swift; path = MovieResponse.swift; sourceTree = "<group>"; };
		55FB855D2471A7A1003EE5BD /* AddMoviePresenter.swift */ = {isa = PBXFileReference; lastKnownFileType = sourcecode.swift; path = AddMoviePresenter.swift; sourceTree = "<group>"; };
		55FB855F2471A7AD003EE5BD /* AddMovieInteractor.swift */ = {isa = PBXFileReference; lastKnownFileType = sourcecode.swift; path = AddMovieInteractor.swift; sourceTree = "<group>"; };
		55FB85642471B435003EE5BD /* MovieModel.swift */ = {isa = PBXFileReference; lastKnownFileType = sourcecode.swift; path = MovieModel.swift; sourceTree = "<group>"; };
		55FB85662471C60D003EE5BD /* Movie.swift */ = {isa = PBXFileReference; lastKnownFileType = sourcecode.swift; path = Movie.swift; sourceTree = "<group>"; };
		55FB85682471D807003EE5BD /* TextFieldDelegate.swift */ = {isa = PBXFileReference; lastKnownFileType = sourcecode.swift; path = TextFieldDelegate.swift; sourceTree = "<group>"; };
		55FB856B2471E5D3003EE5BD /* HeaderLabel.swift */ = {isa = PBXFileReference; lastKnownFileType = sourcecode.swift; path = HeaderLabel.swift; sourceTree = "<group>"; };
		55FB856E2471F0E2003EE5BD /* Constants.swift */ = {isa = PBXFileReference; lastKnownFileType = sourcecode.swift; path = Constants.swift; sourceTree = "<group>"; };
/* End PBXFileReference section */

/* Begin PBXFrameworksBuildPhase section */
		55FB8520247149F4003EE5BD /* Frameworks */ = {
			isa = PBXFrameworksBuildPhase;
			buildActionMask = 2147483647;
			files = (
			);
			runOnlyForDeploymentPostprocessing = 0;
		};
/* End PBXFrameworksBuildPhase section */

/* Begin PBXGroup section */
		55FB851A247149F4003EE5BD = {
			isa = PBXGroup;
			children = (
				55FB8525247149F4003EE5BD /* InstabugTask */,
				55FB8524247149F4003EE5BD /* Products */,
			);
			sourceTree = "<group>";
		};
		55FB8524247149F4003EE5BD /* Products */ = {
			isa = PBXGroup;
			children = (
				55FB8523247149F4003EE5BD /* InstabugTask.app */,
			);
			name = Products;
			sourceTree = "<group>";
		};
		55FB8525247149F4003EE5BD /* InstabugTask */ = {
			isa = PBXGroup;
			children = (
				55FB8526247149F4003EE5BD /* AppDelegate.swift */,
				55FB856D2471F0D0003EE5BD /* Constants */,
				55FB854024714AC2003EE5BD /* Model */,
				55FB853A24714A30003EE5BD /* Scenes */,
				55FB85632471B257003EE5BD /* Extensions */,
				55FB8528247149F4003EE5BD /* SceneDelegate.swift */,
				55FB856A2471DB22003EE5BD /* Storyboards */,
				55FB852F247149F6003EE5BD /* Assets.xcassets */,
				55FB8534247149F6003EE5BD /* Info.plist */,
			);
			path = InstabugTask;
			sourceTree = "<group>";
		};
		55FB853A24714A30003EE5BD /* Scenes */ = {
			isa = PBXGroup;
			children = (
				55FB853B24714A3A003EE5BD /* Movies */,
				55FB853C24714A44003EE5BD /* Add Movie */,
			);
			path = Scenes;
			sourceTree = "<group>";
		};
		55FB853B24714A3A003EE5BD /* Movies */ = {
			isa = PBXGroup;
			children = (
				55FB854224714ADF003EE5BD /* Interactor */,
				55FB854124714AD8003EE5BD /* Presenter */,
				55FB853F24714ABC003EE5BD /* View */,
			);
			path = Movies;
			sourceTree = "<group>";
		};
		55FB853C24714A44003EE5BD /* Add Movie */ = {
			isa = PBXGroup;
			children = (
				55FB85622471A7BB003EE5BD /* Interactor */,
				55FB85612471A7B1003EE5BD /* Presenter */,
				55FB855C24719272003EE5BD /* View */,
			);
			path = "Add Movie";
			sourceTree = "<group>";
		};
		55FB853F24714ABC003EE5BD /* View */ = {
			isa = PBXGroup;
			children = (
				55FB852A247149F4003EE5BD /* MoviesViewController.swift */,
				55FB853D24714A90003EE5BD /* MoviesTableViewCell.swift */,
				55FB856B2471E5D3003EE5BD /* HeaderLabel.swift */,
			);
			path = View;
			sourceTree = "<group>";
		};
		55FB854024714AC2003EE5BD /* Model */ = {
			isa = PBXGroup;
			children = (
				55FB854B24715603003EE5BD /* Data Model */,
				55FB854C2471567D003EE5BD /* Responses */,
				55FB854F247156AA003EE5BD /* Networking */,
			);
			path = Model;
			sourceTree = "<group>";
		};
		55FB854124714AD8003EE5BD /* Presenter */ = {
			isa = PBXGroup;
			children = (
				55FB854324714AF2003EE5BD /* MoviesPresenter.swift */,
			);
			path = Presenter;
			sourceTree = "<group>";
		};
		55FB854224714ADF003EE5BD /* Interactor */ = {
			isa = PBXGroup;
			children = (
				55FB854524714AFC003EE5BD /* MoviesInteractor.swift */,
			);
			path = Interactor;
			sourceTree = "<group>";
		};
		55FB854B24715603003EE5BD /* Data Model */ = {
			isa = PBXGroup;
			children = (
				55FB85642471B435003EE5BD /* MovieModel.swift */,
				55FB85662471C60D003EE5BD /* Movie.swift */,
			);
			path = "Data Model";
			sourceTree = "<group>";
		};
		55FB854C2471567D003EE5BD /* Responses */ = {
			isa = PBXGroup;
			children = (
				55FB855A24717C35003EE5BD /* MovieResponse.swift */,
				55FB854D24715693003EE5BD /* MoviesListResponse.swift */,
			);
			path = Responses;
			sourceTree = "<group>";
		};
		55FB854F247156AA003EE5BD /* Networking */ = {
			isa = PBXGroup;
			children = (
				55FB8550247156B3003EE5BD /* Client.swift */,
				55FB8552247156D5003EE5BD /* Endpoints.swift */,
			);
			path = Networking;
			sourceTree = "<group>";
		};
		55FB855C24719272003EE5BD /* View */ = {
			isa = PBXGroup;
			children = (
				55FB855824717580003EE5BD /* AddMovieViewController.swift */,
				55FB85682471D807003EE5BD /* TextFieldDelegate.swift */,
			);
			path = View;
			sourceTree = "<group>";
		};
		55FB85612471A7B1003EE5BD /* Presenter */ = {
			isa = PBXGroup;
			children = (
				55FB855D2471A7A1003EE5BD /* AddMoviePresenter.swift */,
			);
			path = Presenter;
			sourceTree = "<group>";
		};
		55FB85622471A7BB003EE5BD /* Interactor */ = {
			isa = PBXGroup;
			children = (
				55FB855F2471A7AD003EE5BD /* AddMovieInteractor.swift */,
			);
			path = Interactor;
			sourceTree = "<group>";
		};
		55FB85632471B257003EE5BD /* Extensions */ = {
			isa = PBXGroup;
			children = (
				55FB8554247158CF003EE5BD /* UIViewController+Extension.swift */,
			);
			path = Extensions;
			sourceTree = "<group>";
		};
		55FB856A2471DB22003EE5BD /* Storyboards */ = {
			isa = PBXGroup;
			children = (
				55FB852C247149F4003EE5BD /* Main.storyboard */,
				55FB8531247149F6003EE5BD /* LaunchScreen.storyboard */,
			);
			path = Storyboards;
			sourceTree = "<group>";
		};
		55FB856D2471F0D0003EE5BD /* Constants */ = {
			isa = PBXGroup;
			children = (
				55FB856E2471F0E2003EE5BD /* Constants.swift */,
			);
			path = Constants;
			sourceTree = "<group>";
		};
/* End PBXGroup section */

/* Begin PBXNativeTarget section */
		55FB8522247149F4003EE5BD /* InstabugTask */ = {
			isa = PBXNativeTarget;
			buildConfigurationList = 55FB8537247149F6003EE5BD /* Build configuration list for PBXNativeTarget "InstabugTask" */;
			buildPhases = (
				55FB851F247149F4003EE5BD /* Sources */,
				55FB8520247149F4003EE5BD /* Frameworks */,
				55FB8521247149F4003EE5BD /* Resources */,
			);
			buildRules = (
			);
			dependencies = (
			);
			name = InstabugTask;
			productName = InstabugTask;
			productReference = 55FB8523247149F4003EE5BD /* InstabugTask.app */;
			productType = "com.apple.product-type.application";
		};
/* End PBXNativeTarget section */

/* Begin PBXProject section */
		55FB851B247149F4003EE5BD /* Project object */ = {
			isa = PBXProject;
			attributes = {
				LastSwiftUpdateCheck = 1130;
				LastUpgradeCheck = 1130;
				ORGANIZATIONNAME = "Abdalla Elshikh";
				TargetAttributes = {
					55FB8522247149F4003EE5BD = {
						CreatedOnToolsVersion = 11.3.1;
					};
				};
			};
			buildConfigurationList = 55FB851E247149F4003EE5BD /* Build configuration list for PBXProject "InstabugTask" */;
			compatibilityVersion = "Xcode 9.3";
			developmentRegion = en;
			hasScannedForEncodings = 0;
			knownRegions = (
				en,
				Base,
			);
			mainGroup = 55FB851A247149F4003EE5BD;
			productRefGroup = 55FB8524247149F4003EE5BD /* Products */;
			projectDirPath = "";
			projectRoot = "";
			targets = (
				55FB8522247149F4003EE5BD /* InstabugTask */,
			);
		};
/* End PBXProject section */

/* Begin PBXResourcesBuildPhase section */
		55FB8521247149F4003EE5BD /* Resources */ = {
			isa = PBXResourcesBuildPhase;
			buildActionMask = 2147483647;
			files = (
				55FB8533247149F6003EE5BD /* LaunchScreen.storyboard in Resources */,
				55FB8530247149F6003EE5BD /* Assets.xcassets in Resources */,
				55FB852E247149F4003EE5BD /* Main.storyboard in Resources */,
			);
			runOnlyForDeploymentPostprocessing = 0;
		};
/* End PBXResourcesBuildPhase section */

/* Begin PBXSourcesBuildPhase section */
		55FB851F247149F4003EE5BD /* Sources */ = {
			isa = PBXSourcesBuildPhase;
			buildActionMask = 2147483647;
			files = (
				55FB855B24717C35003EE5BD /* MovieResponse.swift in Sources */,
				55FB8555247158CF003EE5BD /* UIViewController+Extension.swift in Sources */,
				55FB85692471D807003EE5BD /* TextFieldDelegate.swift in Sources */,
				55FB852B247149F4003EE5BD /* MoviesViewController.swift in Sources */,
				55FB854624714AFC003EE5BD /* MoviesInteractor.swift in Sources */,
				55FB8527247149F4003EE5BD /* AppDelegate.swift in Sources */,
				55FB855924717580003EE5BD /* AddMovieViewController.swift in Sources */,
				55FB8553247156D5003EE5BD /* Endpoints.swift in Sources */,
				55FB856C2471E5D3003EE5BD /* HeaderLabel.swift in Sources */,
				55FB8529247149F4003EE5BD /* SceneDelegate.swift in Sources */,
				55FB854E24715693003EE5BD /* MoviesListResponse.swift in Sources */,
				55FB853E24714A90003EE5BD /* MoviesTableViewCell.swift in Sources */,
				55FB856F2471F0E2003EE5BD /* Constants.swift in Sources */,
				55FB85602471A7AD003EE5BD /* AddMovieInteractor.swift in Sources */,
				55FB85652471B435003EE5BD /* MovieModel.swift in Sources */,
				55FB855E2471A7A1003EE5BD /* AddMoviePresenter.swift in Sources */,
				55FB854424714AF2003EE5BD /* MoviesPresenter.swift in Sources */,
				55FB8551247156B3003EE5BD /* Client.swift in Sources */,
				55FB85672471C60D003EE5BD /* Movie.swift in Sources */,
			);
			runOnlyForDeploymentPostprocessing = 0;
		};
/* End PBXSourcesBuildPhase section */

/* Begin PBXVariantGroup section */
		55FB852C247149F4003EE5BD /* Main.storyboard */ = {
			isa = PBXVariantGroup;
			children = (
				55FB852D247149F4003EE5BD /* Base */,
			);
			name = Main.storyboard;
			sourceTree = "<group>";
		};
		55FB8531247149F6003EE5BD /* LaunchScreen.storyboard */ = {
			isa = PBXVariantGroup;
			children = (
				55FB8532247149F6003EE5BD /* Base */,
			);
			name = LaunchScreen.storyboard;
			sourceTree = "<group>";
		};
/* End PBXVariantGroup section */

/* Begin XCBuildConfiguration section */
		55FB8535247149F6003EE5BD /* Debug */ = {
			isa = XCBuildConfiguration;
			buildSettings = {
				ALWAYS_SEARCH_USER_PATHS = NO;
				CLANG_ANALYZER_NONNULL = YES;
				CLANG_ANALYZER_NUMBER_OBJECT_CONVERSION = YES_AGGRESSIVE;
				CLANG_CXX_LANGUAGE_STANDARD = "gnu++14";
				CLANG_CXX_LIBRARY = "libc++";
				CLANG_ENABLE_MODULES = YES;
				CLANG_ENABLE_OBJC_ARC = YES;
				CLANG_ENABLE_OBJC_WEAK = YES;
				CLANG_WARN_BLOCK_CAPTURE_AUTORELEASING = YES;
				CLANG_WARN_BOOL_CONVERSION = YES;
				CLANG_WARN_COMMA = YES;
				CLANG_WARN_CONSTANT_CONVERSION = YES;
				CLANG_WARN_DEPRECATED_OBJC_IMPLEMENTATIONS = YES;
				CLANG_WARN_DIRECT_OBJC_ISA_USAGE = YES_ERROR;
				CLANG_WARN_DOCUMENTATION_COMMENTS = YES;
				CLANG_WARN_EMPTY_BODY = YES;
				CLANG_WARN_ENUM_CONVERSION = YES;
				CLANG_WARN_INFINITE_RECURSION = YES;
				CLANG_WARN_INT_CONVERSION = YES;
				CLANG_WARN_NON_LITERAL_NULL_CONVERSION = YES;
				CLANG_WARN_OBJC_IMPLICIT_RETAIN_SELF = YES;
				CLANG_WARN_OBJC_LITERAL_CONVERSION = YES;
				CLANG_WARN_OBJC_ROOT_CLASS = YES_ERROR;
				CLANG_WARN_RANGE_LOOP_ANALYSIS = YES;
				CLANG_WARN_STRICT_PROTOTYPES = YES;
				CLANG_WARN_SUSPICIOUS_MOVE = YES;
				CLANG_WARN_UNGUARDED_AVAILABILITY = YES_AGGRESSIVE;
				CLANG_WARN_UNREACHABLE_CODE = YES;
				CLANG_WARN__DUPLICATE_METHOD_MATCH = YES;
				COPY_PHASE_STRIP = NO;
				DEBUG_INFORMATION_FORMAT = dwarf;
				ENABLE_STRICT_OBJC_MSGSEND = YES;
				ENABLE_TESTABILITY = YES;
				GCC_C_LANGUAGE_STANDARD = gnu11;
				GCC_DYNAMIC_NO_PIC = NO;
				GCC_NO_COMMON_BLOCKS = YES;
				GCC_OPTIMIZATION_LEVEL = 0;
				GCC_PREPROCESSOR_DEFINITIONS = (
					"DEBUG=1",
					"$(inherited)",
				);
				GCC_WARN_64_TO_32_BIT_CONVERSION = YES;
				GCC_WARN_ABOUT_RETURN_TYPE = YES_ERROR;
				GCC_WARN_UNDECLARED_SELECTOR = YES;
				GCC_WARN_UNINITIALIZED_AUTOS = YES_AGGRESSIVE;
				GCC_WARN_UNUSED_FUNCTION = YES;
				GCC_WARN_UNUSED_VARIABLE = YES;
				IPHONEOS_DEPLOYMENT_TARGET = 13.2;
				MTL_ENABLE_DEBUG_INFO = INCLUDE_SOURCE;
				MTL_FAST_MATH = YES;
				ONLY_ACTIVE_ARCH = YES;
				SDKROOT = iphoneos;
				SWIFT_ACTIVE_COMPILATION_CONDITIONS = DEBUG;
				SWIFT_OPTIMIZATION_LEVEL = "-Onone";
			};
			name = Debug;
		};
		55FB8536247149F6003EE5BD /* Release */ = {
			isa = XCBuildConfiguration;
			buildSettings = {
				ALWAYS_SEARCH_USER_PATHS = NO;
				CLANG_ANALYZER_NONNULL = YES;
				CLANG_ANALYZER_NUMBER_OBJECT_CONVERSION = YES_AGGRESSIVE;
				CLANG_CXX_LANGUAGE_STANDARD = "gnu++14";
				CLANG_CXX_LIBRARY = "libc++";
				CLANG_ENABLE_MODULES = YES;
				CLANG_ENABLE_OBJC_ARC = YES;
				CLANG_ENABLE_OBJC_WEAK = YES;
				CLANG_WARN_BLOCK_CAPTURE_AUTORELEASING = YES;
				CLANG_WARN_BOOL_CONVERSION = YES;
				CLANG_WARN_COMMA = YES;
				CLANG_WARN_CONSTANT_CONVERSION = YES;
				CLANG_WARN_DEPRECATED_OBJC_IMPLEMENTATIONS = YES;
				CLANG_WARN_DIRECT_OBJC_ISA_USAGE = YES_ERROR;
				CLANG_WARN_DOCUMENTATION_COMMENTS = YES;
				CLANG_WARN_EMPTY_BODY = YES;
				CLANG_WARN_ENUM_CONVERSION = YES;
				CLANG_WARN_INFINITE_RECURSION = YES;
				CLANG_WARN_INT_CONVERSION = YES;
				CLANG_WARN_NON_LITERAL_NULL_CONVERSION = YES;
				CLANG_WARN_OBJC_IMPLICIT_RETAIN_SELF = YES;
				CLANG_WARN_OBJC_LITERAL_CONVERSION = YES;
				CLANG_WARN_OBJC_ROOT_CLASS = YES_ERROR;
				CLANG_WARN_RANGE_LOOP_ANALYSIS = YES;
				CLANG_WARN_STRICT_PROTOTYPES = YES;
				CLANG_WARN_SUSPICIOUS_MOVE = YES;
				CLANG_WARN_UNGUARDED_AVAILABILITY = YES_AGGRESSIVE;
				CLANG_WARN_UNREACHABLE_CODE = YES;
				CLANG_WARN__DUPLICATE_METHOD_MATCH = YES;
				COPY_PHASE_STRIP = NO;
				DEBUG_INFORMATION_FORMAT = "dwarf-with-dsym";
				ENABLE_NS_ASSERTIONS = NO;
				ENABLE_STRICT_OBJC_MSGSEND = YES;
				GCC_C_LANGUAGE_STANDARD = gnu11;
				GCC_NO_COMMON_BLOCKS = YES;
				GCC_WARN_64_TO_32_BIT_CONVERSION = YES;
				GCC_WARN_ABOUT_RETURN_TYPE = YES_ERROR;
				GCC_WARN_UNDECLARED_SELECTOR = YES;
				GCC_WARN_UNINITIALIZED_AUTOS = YES_AGGRESSIVE;
				GCC_WARN_UNUSED_FUNCTION = YES;
				GCC_WARN_UNUSED_VARIABLE = YES;
				IPHONEOS_DEPLOYMENT_TARGET = 13.2;
				MTL_ENABLE_DEBUG_INFO = NO;
				MTL_FAST_MATH = YES;
				SDKROOT = iphoneos;
				SWIFT_COMPILATION_MODE = wholemodule;
				SWIFT_OPTIMIZATION_LEVEL = "-O";
				VALIDATE_PRODUCT = YES;
			};
			name = Release;
		};
		55FB8538247149F6003EE5BD /* Debug */ = {
			isa = XCBuildConfiguration;
			buildSettings = {
				ASSETCATALOG_COMPILER_APPICON_NAME = AppIcon;
				CODE_SIGN_STYLE = Automatic;
				DEVELOPMENT_TEAM = 2S25RMM2MZ;
				INFOPLIST_FILE = InstabugTask/Info.plist;
				LD_RUNPATH_SEARCH_PATHS = (
					"$(inherited)",
					"@executable_path/Frameworks",
				);
				PRODUCT_BUNDLE_IDENTIFIER = com.abdallaelshikh.InstabugTask;
				PRODUCT_NAME = "$(TARGET_NAME)";
				SWIFT_VERSION = 5.0;
				TARGETED_DEVICE_FAMILY = "1,2";
			};
			name = Debug;
		};
		55FB8539247149F6003EE5BD /* Release */ = {
			isa = XCBuildConfiguration;
			buildSettings = {
				ASSETCATALOG_COMPILER_APPICON_NAME = AppIcon;
				CODE_SIGN_STYLE = Automatic;
				DEVELOPMENT_TEAM = 2S25RMM2MZ;
				INFOPLIST_FILE = InstabugTask/Info.plist;
				LD_RUNPATH_SEARCH_PATHS = (
					"$(inherited)",
					"@executable_path/Frameworks",
				);
				PRODUCT_BUNDLE_IDENTIFIER = com.abdallaelshikh.InstabugTask;
				PRODUCT_NAME = "$(TARGET_NAME)";
				SWIFT_VERSION = 5.0;
				TARGETED_DEVICE_FAMILY = "1,2";
			};
			name = Release;
		};
/* End XCBuildConfiguration section */

/* Begin XCConfigurationList section */
		55FB851E247149F4003EE5BD /* Build configuration list for PBXProject "InstabugTask" */ = {
			isa = XCConfigurationList;
			buildConfigurations = (
				55FB8535247149F6003EE5BD /* Debug */,
				55FB8536247149F6003EE5BD /* Release */,
			);
			defaultConfigurationIsVisible = 0;
			defaultConfigurationName = Release;
		};
		55FB8537247149F6003EE5BD /* Build configuration list for PBXNativeTarget "InstabugTask" */ = {
			isa = XCConfigurationList;
			buildConfigurations = (
				55FB8538247149F6003EE5BD /* Debug */,
				55FB8539247149F6003EE5BD /* Release */,
			);
			defaultConfigurationIsVisible = 0;
			defaultConfigurationName = Release;
		};
/* End XCConfigurationList section */
	};
	rootObject = 55FB851B247149F4003EE5BD /* Project object */;
}
